
Microsoft Visual Studio Solution File, Format Version 12.00
# Visual Studio Version 16
VisualStudioVersion = 16.0.29911.84
MinimumVisualStudioVersion = 10.0.40219.1
Project("{FAE04EC0-301F-11D3-BF4B-00C04F79EFBC}") = "DeleteFileExtensions", "DeleteFileExtensions\DeleteFileExtensions.csproj", "{31BD8818-6300-4B07-99A5-71C0FB1CAA2F}"
EndProject
Global
	GlobalSection(SolutionConfigurationPlatforms) = preSolution
		Debug|Any CPU = Debug|Any CPU
		Release|Any CPU = Release|Any CPU
	EndGlobalSection
	GlobalSection(ProjectConfigurationPlatforms) = postSolution
		{31BD8818-6300-4B07-99A5-71C0FB1CAA2F}.Debug|Any CPU.ActiveCfg = Debug|Any CPU
		{31BD8818-6300-4B07-99A5-71C0FB1CAA2F}.Debug|Any CPU.Build.0 = Debug|Any CPU
		{31BD8818-6300-4B07-99A5-71C0FB1CAA2F}.Release|Any CPU.ActiveCfg = Release|Any CPU
		{31BD8818-6300-4B07-99A5-71C0FB1CAA2F}.Release|Any CPU.Build.0 = Release|Any CPU
	EndGlobalSection
	GlobalSection(SolutionProperties) = preSolution
		HideSolutionNode = FALSE
	EndGlobalSection
	GlobalSection(ExtensibilityGlobals) = postSolution
		SolutionGuid = {B6C8452F-DC61-4824-A254-89D62265F6CB}
	EndGlobalSection
EndGlobal
